
Microsoft Visual Studio Solution File, Format Version 12.00
# Visual Studio Version 17
VisualStudioVersion = 17.4.33205.214
MinimumVisualStudioVersion = 10.0.40219.1
Project("{9A19103F-16F7-4668-BE54-9A1E7A4F7556}") = "Webshop", "Webshop\Webshop.csproj", "{AA2BD614-7AD8-4587-9867-5CBAF1BAB53E}"
	ProjectSection(ProjectDependencies) = postProject
		{457C490B-9C6C-4B54-BDC6-E7BAB1992582} = {457C490B-9C6C-4B54-BDC6-E7BAB1992582}
		{F2CABA70-5AFF-4FD5-90A0-DFD226DBB72A} = {F2CABA70-5AFF-4FD5-90A0-DFD226DBB72A}
	EndProjectSection
EndProject
Project("{FAE04EC0-301F-11D3-BF4B-00C04F79EFBC}") = "AdminPanel", "AdminPanel\AdminPanel.csproj", "{A2362EAC-1AF8-4F81-9A04-FF0151493F63}"
	ProjectSection(ProjectDependencies) = postProject
		{457C490B-9C6C-4B54-BDC6-E7BAB1992582} = {457C490B-9C6C-4B54-BDC6-E7BAB1992582}
		{F2CABA70-5AFF-4FD5-90A0-DFD226DBB72A} = {F2CABA70-5AFF-4FD5-90A0-DFD226DBB72A}
	EndProjectSection
EndProject
Project("{FAE04EC0-301F-11D3-BF4B-00C04F79EFBC}") = "WebshopAPI", "WebshopAPI\WebshopAPI.csproj", "{B2963477-11D3-4808-9BE7-288AF706E8E9}"
EndProject
Project("{FAE04EC0-301F-11D3-BF4B-00C04F79EFBC}") = "DataAccess", "DataAccess\DataAccess.csproj", "{457C490B-9C6C-4B54-BDC6-E7BAB1992582}"
EndProject
Project("{FAE04EC0-301F-11D3-BF4B-00C04F79EFBC}") = "Models", "Models\Models.csproj", "{F2CABA70-5AFF-4FD5-90A0-DFD226DBB72A}"
EndProject
Global
	GlobalSection(SolutionConfigurationPlatforms) = preSolution
		Debug|Any CPU = Debug|Any CPU
		Release|Any CPU = Release|Any CPU
	EndGlobalSection
	GlobalSection(ProjectConfigurationPlatforms) = postSolution
		{AA2BD614-7AD8-4587-9867-5CBAF1BAB53E}.Debug|Any CPU.ActiveCfg = Debug|Any CPU
		{AA2BD614-7AD8-4587-9867-5CBAF1BAB53E}.Debug|Any CPU.Build.0 = Debug|Any CPU
		{AA2BD614-7AD8-4587-9867-5CBAF1BAB53E}.Release|Any CPU.ActiveCfg = Release|Any CPU
		{AA2BD614-7AD8-4587-9867-5CBAF1BAB53E}.Release|Any CPU.Build.0 = Release|Any CPU
		{A2362EAC-1AF8-4F81-9A04-FF0151493F63}.Debug|Any CPU.ActiveCfg = Debug|Any CPU
		{A2362EAC-1AF8-4F81-9A04-FF0151493F63}.Debug|Any CPU.Build.0 = Debug|Any CPU
		{A2362EAC-1AF8-4F81-9A04-FF0151493F63}.Release|Any CPU.ActiveCfg = Release|Any CPU
		{A2362EAC-1AF8-4F81-9A04-FF0151493F63}.Release|Any CPU.Build.0 = Release|Any CPU
		{B2963477-11D3-4808-9BE7-288AF706E8E9}.Debug|Any CPU.ActiveCfg = Debug|Any CPU
		{B2963477-11D3-4808-9BE7-288AF706E8E9}.Debug|Any CPU.Build.0 = Debug|Any CPU
		{B2963477-11D3-4808-9BE7-288AF706E8E9}.Release|Any CPU.ActiveCfg = Release|Any CPU
		{B2963477-11D3-4808-9BE7-288AF706E8E9}.Release|Any CPU.Build.0 = Release|Any CPU
		{457C490B-9C6C-4B54-BDC6-E7BAB1992582}.Debug|Any CPU.ActiveCfg = Debug|Any CPU
		{457C490B-9C6C-4B54-BDC6-E7BAB1992582}.Debug|Any CPU.Build.0 = Debug|Any CPU
		{457C490B-9C6C-4B54-BDC6-E7BAB1992582}.Release|Any CPU.ActiveCfg = Release|Any CPU
		{457C490B-9C6C-4B54-BDC6-E7BAB1992582}.Release|Any CPU.Build.0 = Release|Any CPU
		{F2CABA70-5AFF-4FD5-90A0-DFD226DBB72A}.Debug|Any CPU.ActiveCfg = Debug|Any CPU
		{F2CABA70-5AFF-4FD5-90A0-DFD226DBB72A}.Debug|Any CPU.Build.0 = Debug|Any CPU
		{F2CABA70-5AFF-4FD5-90A0-DFD226DBB72A}.Release|Any CPU.ActiveCfg = Release|Any CPU
		{F2CABA70-5AFF-4FD5-90A0-DFD226DBB72A}.Release|Any CPU.Build.0 = Release|Any CPU
	EndGlobalSection
	GlobalSection(SolutionProperties) = preSolution
		HideSolutionNode = FALSE
	EndGlobalSection
	GlobalSection(ExtensibilityGlobals) = postSolution
		SolutionGuid = {EE935BAF-2FFF-49AC-A889-958E9810D2CC}
	EndGlobalSection
EndGlobal
